
Microsoft Visual Studio Solution File, Format Version 12.00
# Visual Studio Version 16
VisualStudioVersion = 16.0.30804.86
MinimumVisualStudioVersion = 10.0.40219.1
Project("{FAE04EC0-301F-11D3-BF4B-00C04F79EFBC}") = "WebDauGia", "WebDauGia\WebDauGia.csproj", "{EB6F352C-D25A-4036-9750-EE9A3BE56F5D}"
EndProject
Global
	GlobalSection(SolutionConfigurationPlatforms) = preSolution
		Debug|Any CPU = Debug|Any CPU
		Release|Any CPU = Release|Any CPU
	EndGlobalSection
	GlobalSection(ProjectConfigurationPlatforms) = postSolution
		{EB6F352C-D25A-4036-9750-EE9A3BE56F5D}.Debug|Any CPU.ActiveCfg = Debug|Any CPU
		{EB6F352C-D25A-4036-9750-EE9A3BE56F5D}.Debug|Any CPU.Build.0 = Debug|Any CPU
		{EB6F352C-D25A-4036-9750-EE9A3BE56F5D}.Release|Any CPU.ActiveCfg = Release|Any CPU
		{EB6F352C-D25A-4036-9750-EE9A3BE56F5D}.Release|Any CPU.Build.0 = Release|Any CPU
	EndGlobalSection
	GlobalSection(SolutionProperties) = preSolution
		HideSolutionNode = FALSE
	EndGlobalSection
	GlobalSection(ExtensibilityGlobals) = postSolution
		SolutionGuid = {14B0763E-AF50-4F97-B43F-800C337D414B}
	EndGlobalSection
EndGlobal
